
Microsoft Visual Studio Solution File, Format Version 12.00
# Visual Studio Version 17
VisualStudioVersion = 17.0.31903.59
MinimumVisualStudioVersion = 10.0.40219.1
Project("{2150E333-8FDC-42A3-9474-1A3956D46DE8}") = "src", "src", "{827E0CD3-B72D-47B6-A68D-7590B98EB39B}"
EndProject
Project("{FAE04EC0-301F-11D3-BF4B-00C04F79EFBC}") = "TechList.Domain", "src\TechList.Domain\TechList.Domain.csproj", "{B81355A0-3118-434A-ADFE-78E817E5E8B1}"
EndProject
Project("{FAE04EC0-301F-11D3-BF4B-00C04F79EFBC}") = "TechList.Application", "src\TechList.Application\TechList.Application.csproj", "{6792C003-DFDD-4D58-A1FC-E4E78F609E20}"
EndProject
Project("{FAE04EC0-301F-11D3-BF4B-00C04F79EFBC}") = "TechList.Infrastructure", "src\TechList.Infrastructure\TechList.Infrastructure.csproj", "{A6956780-3704-46BB-B0D6-29B10F4937F5}"
EndProject
Project("{FAE04EC0-301F-11D3-BF4B-00C04F79EFBC}") = "TechList.API", "src\TechList.API\TechList.API.csproj", "{5E9A5CE9-BBFC-4729-8ED7-C4705896C3CF}"
EndProject
Project("{2150E333-8FDC-42A3-9474-1A3956D46DE8}") = "tests", "tests", "{0AB3BF05-4346-4AA6-1389-037BE0695223}"
EndProject
Project("{FAE04EC0-301F-11D3-BF4B-00C04F79EFBC}") = "TechList.Domain.Tests", "tests\TechList.Domain.Tests\TechList.Domain.Tests.csproj", "{83521A61-0020-4B30-9C45-98E6CEF6B515}"
EndProject
Project("{FAE04EC0-301F-11D3-BF4B-00C04F79EFBC}") = "TechList.Application.Tests", "tests\TechList.Application.Tests\TechList.Application.Tests.csproj", "{A87B2854-AC44-4145-9C56-8778686FD14A}"
EndProject
Project("{FAE04EC0-301F-11D3-BF4B-00C04F79EFBC}") = "TechList.Infrastructure.Tests", "tests\TechList.Infrastructure.Tests\TechList.Infrastructure.Tests.csproj", "{55CDC60F-A485-435B-B11C-984E427AE575}"
EndProject
Project("{FAE04EC0-301F-11D3-BF4B-00C04F79EFBC}") = "TechList.API.Tests", "tests\TechList.API.Tests\TechList.API.Tests.csproj", "{C5BB218C-242C-42F7-845A-14E5C9A00877}"
EndProject
Global
	GlobalSection(SolutionConfigurationPlatforms) = preSolution
		Debug|Any CPU = Debug|Any CPU
		Debug|x64 = Debug|x64
		Debug|x86 = Debug|x86
		Release|Any CPU = Release|Any CPU
		Release|x64 = Release|x64
		Release|x86 = Release|x86
	EndGlobalSection
	GlobalSection(ProjectConfigurationPlatforms) = postSolution
		{B81355A0-3118-434A-ADFE-78E817E5E8B1}.Debug|Any CPU.ActiveCfg = Debug|Any CPU
		{B81355A0-3118-434A-ADFE-78E817E5E8B1}.Debug|Any CPU.Build.0 = Debug|Any CPU
		{B81355A0-3118-434A-ADFE-78E817E5E8B1}.Debug|x64.ActiveCfg = Debug|Any CPU
		{B81355A0-3118-434A-ADFE-78E817E5E8B1}.Debug|x64.Build.0 = Debug|Any CPU
		{B81355A0-3118-434A-ADFE-78E817E5E8B1}.Debug|x86.ActiveCfg = Debug|Any CPU
		{B81355A0-3118-434A-ADFE-78E817E5E8B1}.Debug|x86.Build.0 = Debug|Any CPU
		{B81355A0-3118-434A-ADFE-78E817E5E8B1}.Release|Any CPU.ActiveCfg = Release|Any CPU
		{B81355A0-3118-434A-ADFE-78E817E5E8B1}.Release|Any CPU.Build.0 = Release|Any CPU
		{B81355A0-3118-434A-ADFE-78E817E5E8B1}.Release|x64.ActiveCfg = Release|Any CPU
		{B81355A0-3118-434A-ADFE-78E817E5E8B1}.Release|x64.Build.0 = Release|Any CPU
		{B81355A0-3118-434A-ADFE-78E817E5E8B1}.Release|x86.ActiveCfg = Release|Any CPU
		{B81355A0-3118-434A-ADFE-78E817E5E8B1}.Release|x86.Build.0 = Release|Any CPU
		{6792C003-DFDD-4D58-A1FC-E4E78F609E20}.Debug|Any CPU.ActiveCfg = Debug|Any CPU
		{6792C003-DFDD-4D58-A1FC-E4E78F609E20}.Debug|Any CPU.Build.0 = Debug|Any CPU
		{6792C003-DFDD-4D58-A1FC-E4E78F609E20}.Debug|x64.ActiveCfg = Debug|Any CPU
		{6792C003-DFDD-4D58-A1FC-E4E78F609E20}.Debug|x64.Build.0 = Debug|Any CPU
		{6792C003-DFDD-4D58-A1FC-E4E78F609E20}.Debug|x86.ActiveCfg = Debug|Any CPU
		{6792C003-DFDD-4D58-A1FC-E4E78F609E20}.Debug|x86.Build.0 = Debug|Any CPU
		{6792C003-DFDD-4D58-A1FC-E4E78F609E20}.Release|Any CPU.ActiveCfg = Release|Any CPU
		{6792C003-DFDD-4D58-A1FC-E4E78F609E20}.Release|Any CPU.Build.0 = Release|Any CPU
		{6792C003-DFDD-4D58-A1FC-E4E78F609E20}.Release|x64.ActiveCfg = Release|Any CPU
		{6792C003-DFDD-4D58-A1FC-E4E78F609E20}.Release|x64.Build.0 = Release|Any CPU
		{6792C003-DFDD-4D58-A1FC-E4E78F609E20}.Release|x86.ActiveCfg = Release|Any CPU
		{6792C003-DFDD-4D58-A1FC-E4E78F609E20}.Release|x86.Build.0 = Release|Any CPU
		{A6956780-3704-46BB-B0D6-29B10F4937F5}.Debug|Any CPU.ActiveCfg = Debug|Any CPU
		{A6956780-3704-46BB-B0D6-29B10F4937F5}.Debug|Any CPU.Build.0 = Debug|Any CPU
		{A6956780-3704-46BB-B0D6-29B10F4937F5}.Debug|x64.ActiveCfg = Debug|Any CPU
		{A6956780-3704-46BB-B0D6-29B10F4937F5}.Debug|x64.Build.0 = Debug|Any CPU
		{A6956780-3704-46BB-B0D6-29B10F4937F5}.Debug|x86.ActiveCfg = Debug|Any CPU
		{A6956780-3704-46BB-B0D6-29B10F4937F5}.Debug|x86.Build.0 = Debug|Any CPU
		{A6956780-3704-46BB-B0D6-29B10F4937F5}.Release|Any CPU.ActiveCfg = Release|Any CPU
		{A6956780-3704-46BB-B0D6-29B10F4937F5}.Release|Any CPU.Build.0 = Release|Any CPU
		{A6956780-3704-46BB-B0D6-29B10F4937F5}.Release|x64.ActiveCfg = Release|Any CPU
		{A6956780-3704-46BB-B0D6-29B10F4937F5}.Release|x64.Build.0 = Release|Any CPU
		{A6956780-3704-46BB-B0D6-29B10F4937F5}.Release|x86.ActiveCfg = Release|Any CPU
		{A6956780-3704-46BB-B0D6-29B10F4937F5}.Release|x86.Build.0 = Release|Any CPU
		{5E9A5CE9-BBFC-4729-8ED7-C4705896C3CF}.Debug|Any CPU.ActiveCfg = Debug|Any CPU
		{5E9A5CE9-BBFC-4729-8ED7-C4705896C3CF}.Debug|Any CPU.Build.0 = Debug|Any CPU
		{5E9A5CE9-BBFC-4729-8ED7-C4705896C3CF}.Debug|x64.ActiveCfg = Debug|Any CPU
		{5E9A5CE9-BBFC-4729-8ED7-C4705896C3CF}.Debug|x64.Build.0 = Debug|Any CPU
		{5E9A5CE9-BBFC-4729-8ED7-C4705896C3CF}.Debug|x86.ActiveCfg = Debug|Any CPU
		{5E9A5CE9-BBFC-4729-8ED7-C4705896C3CF}.Debug|x86.Build.0 = Debug|Any CPU
		{5E9A5CE9-BBFC-4729-8ED7-C4705896C3CF}.Release|Any CPU.ActiveCfg = Release|Any CPU
		{5E9A5CE9-BBFC-4729-8ED7-C4705896C3CF}.Release|Any CPU.Build.0 = Release|Any CPU
		{5E9A5CE9-BBFC-4729-8ED7-C4705896C3CF}.Release|x64.ActiveCfg = Release|Any CPU
		{5E9A5CE9-BBFC-4729-8ED7-C4705896C3CF}.Release|x64.Build.0 = Release|Any CPU
		{5E9A5CE9-BBFC-4729-8ED7-C4705896C3CF}.Release|x86.ActiveCfg = Release|Any CPU
		{5E9A5CE9-BBFC-4729-8ED7-C4705896C3CF}.Release|x86.Build.0 = Release|Any CPU
		{83521A61-0020-4B30-9C45-98E6CEF6B515}.Debug|Any CPU.ActiveCfg = Debug|Any CPU
		{83521A61-0020-4B30-9C45-98E6CEF6B515}.Debug|Any CPU.Build.0 = Debug|Any CPU
		{83521A61-0020-4B30-9C45-98E6CEF6B515}.Debug|x64.ActiveCfg = Debug|Any CPU
		{83521A61-0020-4B30-9C45-98E6CEF6B515}.Debug|x64.Build.0 = Debug|Any CPU
		{83521A61-0020-4B30-9C45-98E6CEF6B515}.Debug|x86.ActiveCfg = Debug|Any CPU
		{83521A61-0020-4B30-9C45-98E6CEF6B515}.Debug|x86.Build.0 = Debug|Any CPU
		{83521A61-0020-4B30-9C45-98E6CEF6B515}.Release|Any CPU.ActiveCfg = Release|Any CPU
		{83521A61-0020-4B30-9C45-98E6CEF6B515}.Release|Any CPU.Build.0 = Release|Any CPU
		{83521A61-0020-4B30-9C45-98E6CEF6B515}.Release|x64.ActiveCfg = Release|Any CPU
		{83521A61-0020-4B30-9C45-98E6CEF6B515}.Release|x64.Build.0 = Release|Any CPU
		{83521A61-0020-4B30-9C45-98E6CEF6B515}.Release|x86.ActiveCfg = Release|Any CPU
		{83521A61-0020-4B30-9C45-98E6CEF6B515}.Release|x86.Build.0 = Release|Any CPU
		{A87B2854-AC44-4145-9C56-8778686FD14A}.Debug|Any CPU.ActiveCfg = Debug|Any CPU
		{A87B2854-AC44-4145-9C56-8778686FD14A}.Debug|Any CPU.Build.0 = Debug|Any CPU
		{A87B2854-AC44-4145-9C56-8778686FD14A}.Debug|x64.ActiveCfg = Debug|Any CPU
		{A87B2854-AC44-4145-9C56-8778686FD14A}.Debug|x64.Build.0 = Debug|Any CPU
		{A87B2854-AC44-4145-9C56-8778686FD14A}.Debug|x86.ActiveCfg = Debug|Any CPU
		{A87B2854-AC44-4145-9C56-8778686FD14A}.Debug|x86.Build.0 = Debug|Any CPU
		{A87B2854-AC44-4145-9C56-8778686FD14A}.Release|Any CPU.ActiveCfg = Release|Any CPU
		{A87B2854-AC44-4145-9C56-8778686FD14A}.Release|Any CPU.Build.0 = Release|Any CPU
		{A87B2854-AC44-4145-9C56-8778686FD14A}.Release|x64.ActiveCfg = Release|Any CPU
		{A87B2854-AC44-4145-9C56-8778686FD14A}.Release|x64.Build.0 = Release|Any CPU
		{A87B2854-AC44-4145-9C56-8778686FD14A}.Release|x86.ActiveCfg = Release|Any CPU
		{A87B2854-AC44-4145-9C56-8778686FD14A}.Release|x86.Build.0 = Release|Any CPU
		{55CDC60F-A485-435B-B11C-984E427AE575}.Debug|Any CPU.ActiveCfg = Debug|Any CPU
		{55CDC60F-A485-435B-B11C-984E427AE575}.Debug|Any CPU.Build.0 = Debug|Any CPU
		{55CDC60F-A485-435B-B11C-984E427AE575}.Debug|x64.ActiveCfg = Debug|Any CPU
		{55CDC60F-A485-435B-B11C-984E427AE575}.Debug|x64.Build.0 = Debug|Any CPU
		{55CDC60F-A485-435B-B11C-984E427AE575}.Debug|x86.ActiveCfg = Debug|Any CPU
		{55CDC60F-A485-435B-B11C-984E427AE575}.Debug|x86.Build.0 = Debug|Any CPU
		{55CDC60F-A485-435B-B11C-984E427AE575}.Release|Any CPU.ActiveCfg = Release|Any CPU
		{55CDC60F-A485-435B-B11C-984E427AE575}.Release|Any CPU.Build.0 = Release|Any CPU
		{55CDC60F-A485-435B-B11C-984E427AE575}.Release|x64.ActiveCfg = Release|Any CPU
		{55CDC60F-A485-435B-B11C-984E427AE575}.Release|x64.Build.0 = Release|Any CPU
		{55CDC60F-A485-435B-B11C-984E427AE575}.Release|x86.ActiveCfg = Release|Any CPU
		{55CDC60F-A485-435B-B11C-984E427AE575}.Release|x86.Build.0 = Release|Any CPU
		{C5BB218C-242C-42F7-845A-14E5C9A00877}.Debug|Any CPU.ActiveCfg = Debug|Any CPU
		{C5BB218C-242C-42F7-845A-14E5C9A00877}.Debug|Any CPU.Build.0 = Debug|Any CPU
		{C5BB218C-242C-42F7-845A-14E5C9A00877}.Debug|x64.ActiveCfg = Debug|Any CPU
		{C5BB218C-242C-42F7-845A-14E5C9A00877}.Debug|x64.Build.0 = Debug|Any CPU
		{C5BB218C-242C-42F7-845A-14E5C9A00877}.Debug|x86.ActiveCfg = Debug|Any CPU
		{C5BB218C-242C-42F7-845A-14E5C9A00877}.Debug|x86.Build.0 = Debug|Any CPU
		{C5BB218C-242C-42F7-845A-14E5C9A00877}.Release|Any CPU.ActiveCfg = Release|Any CPU
		{C5BB218C-242C-42F7-845A-14E5C9A00877}.Release|Any CPU.Build.0 = Release|Any CPU
		{C5BB218C-242C-42F7-845A-14E5C9A00877}.Release|x64.ActiveCfg = Release|Any CPU
		{C5BB218C-242C-42F7-845A-14E5C9A00877}.Release|x64.Build.0 = Release|Any CPU
		{C5BB218C-242C-42F7-845A-14E5C9A00877}.Release|x86.ActiveCfg = Release|Any CPU
		{C5BB218C-242C-42F7-845A-14E5C9A00877}.Release|x86.Build.0 = Release|Any CPU
	EndGlobalSection
	GlobalSection(SolutionProperties) = preSolution
		HideSolutionNode = FALSE
	EndGlobalSection
	GlobalSection(NestedProjects) = preSolution
		{B81355A0-3118-434A-ADFE-78E817E5E8B1} = {827E0CD3-B72D-47B6-A68D-7590B98EB39B}
		{6792C003-DFDD-4D58-A1FC-E4E78F609E20} = {827E0CD3-B72D-47B6-A68D-7590B98EB39B}
		{A6956780-3704-46BB-B0D6-29B10F4937F5} = {827E0CD3-B72D-47B6-A68D-7590B98EB39B}
		{5E9A5CE9-BBFC-4729-8ED7-C4705896C3CF} = {827E0CD3-B72D-47B6-A68D-7590B98EB39B}
		{83521A61-0020-4B30-9C45-98E6CEF6B515} = {0AB3BF05-4346-4AA6-1389-037BE0695223}
		{A87B2854-AC44-4145-9C56-8778686FD14A} = {0AB3BF05-4346-4AA6-1389-037BE0695223}
		{55CDC60F-A485-435B-B11C-984E427AE575} = {0AB3BF05-4346-4AA6-1389-037BE0695223}
		{C5BB218C-242C-42F7-845A-14E5C9A00877} = {0AB3BF05-4346-4AA6-1389-037BE0695223}
	EndGlobalSection
EndGlobal
